
Microsoft Visual Studio Solution File, Format Version 12.00
# Visual Studio Version 17
VisualStudioVersion = 17.7.34202.233
MinimumVisualStudioVersion = 10.0.40219.1
Project("{FAE04EC0-301F-11D3-BF4B-00C04F79EFBC}") = "Solsys", "Solsys\Solsys.csproj", "{47785156-C6D1-412F-A87B-2B692F01B78E}"
EndProject
Global
	GlobalSection(SolutionConfigurationPlatforms) = preSolution
		Debug|Any CPU = Debug|Any CPU
		Release|Any CPU = Release|Any CPU
	EndGlobalSection
	GlobalSection(ProjectConfigurationPlatforms) = postSolution
		{47785156-C6D1-412F-A87B-2B692F01B78E}.Debug|Any CPU.ActiveCfg = Debug|Any CPU
		{47785156-C6D1-412F-A87B-2B692F01B78E}.Debug|Any CPU.Build.0 = Debug|Any CPU
		{47785156-C6D1-412F-A87B-2B692F01B78E}.Release|Any CPU.ActiveCfg = Release|Any CPU
		{47785156-C6D1-412F-A87B-2B692F01B78E}.Release|Any CPU.Build.0 = Release|Any CPU
	EndGlobalSection
	GlobalSection(SolutionProperties) = preSolution
		HideSolutionNode = FALSE
	EndGlobalSection
	GlobalSection(ExtensibilityGlobals) = postSolution
		SolutionGuid = {2ABA1262-6FEC-422F-8B89-C72E104DC37B}
	EndGlobalSection
EndGlobal
